
Microsoft Visual Studio Solution File, Format Version 12.00
# Visual Studio 15
VisualStudioVersion = 15.0.28306.52
MinimumVisualStudioVersion = 10.0.40219.1
Project("{FAE04EC0-301F-11D3-BF4B-00C04F79EFBC}") = "Aeropuerto", "Aeropuerto\Aeropuerto.csproj", "{C1620887-CA7C-47B6-8354-2656D59D7A51}"
EndProject
Global
	GlobalSection(SolutionConfigurationPlatforms) = preSolution
		Debug|Any CPU = Debug|Any CPU
		Release|Any CPU = Release|Any CPU
	EndGlobalSection
	GlobalSection(ProjectConfigurationPlatforms) = postSolution
		{C1620887-CA7C-47B6-8354-2656D59D7A51}.Debug|Any CPU.ActiveCfg = Debug|Any CPU
		{C1620887-CA7C-47B6-8354-2656D59D7A51}.Debug|Any CPU.Build.0 = Debug|Any CPU
		{C1620887-CA7C-47B6-8354-2656D59D7A51}.Release|Any CPU.ActiveCfg = Release|Any CPU
		{C1620887-CA7C-47B6-8354-2656D59D7A51}.Release|Any CPU.Build.0 = Release|Any CPU
	EndGlobalSection
	GlobalSection(SolutionProperties) = preSolution
		HideSolutionNode = FALSE
	EndGlobalSection
	GlobalSection(ExtensibilityGlobals) = postSolution
		SolutionGuid = {4B4E969B-9E09-449E-89D5-4771198A9C15}
	EndGlobalSection
EndGlobal
